
Microsoft Visual Studio Solution File, Format Version 12.00
# Visual Studio Version 17
VisualStudioVersion = 17.0.31903.59
MinimumVisualStudioVersion = 10.0.40219.1
Project("{9A19103F-16F7-4668-BE54-9A1E7A4F7556}") = "BG.Identity", "src\BG.Identity\BG.Identity.csproj", "{F007E63F-D424-4584-824F-F9BE4E88CC49}"
EndProject
Project("{9A19103F-16F7-4668-BE54-9A1E7A4F7556}") = "BG.Client", "src\BG.Client\BG.Client.csproj", "{90D3A9FD-1ED5-4C98-A9C6-0526C44824BF}"
EndProject
Project("{2150E333-8FDC-42A3-9474-1A3956D46DE8}") = "Solution Items", "Solution Items", "{5C617283-A826-43A7-AD73-DC4F54F85AEA}"
EndProject
Project("{9A19103F-16F7-4668-BE54-9A1E7A4F7556}") = "BG.Shared", "src\BG.Shared\BG.Shared.csproj", "{D0ADE29D-8C42-42B0-B4B8-27CE0353D959}"
EndProject
Project("{9A19103F-16F7-4668-BE54-9A1E7A4F7556}") = "BG.Products.API", "src\BG.Products.API\BG.Products.API\BG.Products.API.csproj", "{94EABE97-7F24-4325-9E92-98BCACFB3FB0}"
EndProject
Project("{FAE04EC0-301F-11D3-BF4B-00C04F79EFBC}") = "BG.Orders.API", "src\BG.Orders.API\BG.Orders.API.csproj", "{00B84ED2-AE79-4CA5-991C-446BE0B54AA0}"
EndProject
Global
	GlobalSection(SolutionConfigurationPlatforms) = preSolution
		Debug|Any CPU = Debug|Any CPU
		Release|Any CPU = Release|Any CPU
	EndGlobalSection
	GlobalSection(ProjectConfigurationPlatforms) = postSolution
		{F007E63F-D424-4584-824F-F9BE4E88CC49}.Debug|Any CPU.ActiveCfg = Debug|Any CPU
		{F007E63F-D424-4584-824F-F9BE4E88CC49}.Debug|Any CPU.Build.0 = Debug|Any CPU
		{F007E63F-D424-4584-824F-F9BE4E88CC49}.Release|Any CPU.ActiveCfg = Release|Any CPU
		{F007E63F-D424-4584-824F-F9BE4E88CC49}.Release|Any CPU.Build.0 = Release|Any CPU
		{90D3A9FD-1ED5-4C98-A9C6-0526C44824BF}.Debug|Any CPU.ActiveCfg = Debug|Any CPU
		{90D3A9FD-1ED5-4C98-A9C6-0526C44824BF}.Debug|Any CPU.Build.0 = Debug|Any CPU
		{90D3A9FD-1ED5-4C98-A9C6-0526C44824BF}.Release|Any CPU.ActiveCfg = Release|Any CPU
		{90D3A9FD-1ED5-4C98-A9C6-0526C44824BF}.Release|Any CPU.Build.0 = Release|Any CPU
		{D0ADE29D-8C42-42B0-B4B8-27CE0353D959}.Debug|Any CPU.ActiveCfg = Debug|Any CPU
		{D0ADE29D-8C42-42B0-B4B8-27CE0353D959}.Debug|Any CPU.Build.0 = Debug|Any CPU
		{D0ADE29D-8C42-42B0-B4B8-27CE0353D959}.Release|Any CPU.ActiveCfg = Release|Any CPU
		{D0ADE29D-8C42-42B0-B4B8-27CE0353D959}.Release|Any CPU.Build.0 = Release|Any CPU
		{94EABE97-7F24-4325-9E92-98BCACFB3FB0}.Debug|Any CPU.ActiveCfg = Debug|Any CPU
		{94EABE97-7F24-4325-9E92-98BCACFB3FB0}.Debug|Any CPU.Build.0 = Debug|Any CPU
		{94EABE97-7F24-4325-9E92-98BCACFB3FB0}.Release|Any CPU.ActiveCfg = Release|Any CPU
		{94EABE97-7F24-4325-9E92-98BCACFB3FB0}.Release|Any CPU.Build.0 = Release|Any CPU
		{00B84ED2-AE79-4CA5-991C-446BE0B54AA0}.Debug|Any CPU.ActiveCfg = Debug|Any CPU
		{00B84ED2-AE79-4CA5-991C-446BE0B54AA0}.Debug|Any CPU.Build.0 = Debug|Any CPU
		{00B84ED2-AE79-4CA5-991C-446BE0B54AA0}.Release|Any CPU.ActiveCfg = Release|Any CPU
		{00B84ED2-AE79-4CA5-991C-446BE0B54AA0}.Release|Any CPU.Build.0 = Release|Any CPU
	EndGlobalSection
	GlobalSection(SolutionProperties) = preSolution
		HideSolutionNode = FALSE
	EndGlobalSection
	GlobalSection(ExtensibilityGlobals) = postSolution
		SolutionGuid = {3EBD8736-9E0E-4F68-B086-97B2E49D2F77}
	EndGlobalSection
EndGlobal
